// !$*UTF8*$!
{
	archiveVersion = 1;
	classes = {
	};
	objectVersion = 50;
	objects = {

/* Begin PBXBuildFile section */
		353DA8E8228AD33B0058CA6C /* sharpImageView.swift in Sources */ = {isa = PBXBuildFile; fileRef = 353DA8E7228AD33B0058CA6C /* sharpImageView.swift */; };
		59DB4023227940DE0089E363 /* AppDelegate.swift in Sources */ = {isa = PBXBuildFile; fileRef = 59DB4022227940DE0089E363 /* AppDelegate.swift */; };
		59DB4025227940DE0089E363 /* ViewController.swift in Sources */ = {isa = PBXBuildFile; fileRef = 59DB4024227940DE0089E363 /* ViewController.swift */; };
		59DB4028227940DE0089E363 /* Main.storyboard in Resources */ = {isa = PBXBuildFile; fileRef = 59DB4026227940DE0089E363 /* Main.storyboard */; };
		59DB402A227940E00089E363 /* Assets.xcassets in Resources */ = {isa = PBXBuildFile; fileRef = 59DB4029227940E00089E363 /* Assets.xcassets */; };
		59DB402D227940E00089E363 /* LaunchScreen.storyboard in Resources */ = {isa = PBXBuildFile; fileRef = 59DB402B227940E00089E363 /* LaunchScreen.storyboard */; };
		59DB403D227956090089E363 /* music.mp3 in Resources */ = {isa = PBXBuildFile; fileRef = 59DB403C227956090089E363 /* music.mp3 */; };
/* End PBXBuildFile section */

/* Begin PBXFileReference section */
		353DA8E7228AD33B0058CA6C /* sharpImageView.swift */ = {isa = PBXFileReference; lastKnownFileType = sourcecode.swift; path = sharpImageView.swift; sourceTree = "<group>"; };
		59DB401F227940DE0089E363 /* yujian.app */ = {isa = PBXFileReference; explicitFileType = wrapper.application; includeInIndex = 0; path = yujian.app; sourceTree = BUILT_PRODUCTS_DIR; };
		59DB4022227940DE0089E363 /* AppDelegate.swift */ = {isa = PBXFileReference; lastKnownFileType = sourcecode.swift; path = AppDelegate.swift; sourceTree = "<group>"; };
		59DB4024227940DE0089E363 /* ViewController.swift */ = {isa = PBXFileReference; lastKnownFileType = sourcecode.swift; path = ViewController.swift; sourceTree = "<group>"; };
		59DB4027227940DE0089E363 /* Base */ = {isa = PBXFileReference; lastKnownFileType = file.storyboard; name = Base; path = Base.lproj/Main.storyboard; sourceTree = "<group>"; };
		59DB4029227940E00089E363 /* Assets.xcassets */ = {isa = PBXFileReference; lastKnownFileType = folder.assetcatalog; path = Assets.xcassets; sourceTree = "<group>"; };
		59DB402C227940E00089E363 /* Base */ = {isa = PBXFileReference; lastKnownFileType = file.storyboard; name = Base; path = Base.lproj/LaunchScreen.storyboard; sourceTree = "<group>"; };
		59DB402E227940E00089E363 /* Info.plist */ = {isa = PBXFileReference; lastKnownFileType = text.plist.xml; path = Info.plist; sourceTree = "<group>"; };
		59DB403C227956090089E363 /* music.mp3 */ = {isa = PBXFileReference; lastKnownFileType = audio.mp3; path = music.mp3; sourceTree = "<group>"; };
/* End PBXFileReference section */

/* Begin PBXFrameworksBuildPhase section */
		59DB401C227940DE0089E363 /* Frameworks */ = {
			isa = PBXFrameworksBuildPhase;
			buildActionMask = 2147483647;
			files = (
			);
			runOnlyForDeploymentPostprocessing = 0;
		};
/* End PBXFrameworksBuildPhase section */

/* Begin PBXGroup section */
		59DB4016227940DE0089E363 = {
			isa = PBXGroup;
			children = (
				59DB4021227940DE0089E363 /* yujian */,
				59DB4020227940DE0089E363 /* Products */,
			);
			sourceTree = "<group>";
		};
		59DB4020227940DE0089E363 /* Products */ = {
			isa = PBXGroup;
			children = (
				59DB401F227940DE0089E363 /* yujian.app */,
			);
			name = Products;
			sourceTree = "<group>";
		};
		59DB4021227940DE0089E363 /* yujian */ = {
			isa = PBXGroup;
			children = (
				59DB403C227956090089E363 /* music.mp3 */,
				59DB4022227940DE0089E363 /* AppDelegate.swift */,
				59DB4024227940DE0089E363 /* ViewController.swift */,
				59DB4026227940DE0089E363 /* Main.storyboard */,
				353DA8E7228AD33B0058CA6C /* sharpImageView.swift */,
				59DB4029227940E00089E363 /* Assets.xcassets */,
				59DB402B227940E00089E363 /* LaunchScreen.storyboard */,
				59DB402E227940E00089E363 /* Info.plist */,
			);
			path = yujian;
			sourceTree = "<group>";
		};
/* End PBXGroup section */

/* Begin PBXNativeTarget section */
		59DB401E227940DE0089E363 /* yujian */ = {
			isa = PBXNativeTarget;
			buildConfigurationList = 59DB4031227940E00089E363 /* Build configuration list for PBXNativeTarget "yujian" */;
			buildPhases = (
				59DB401B227940DE0089E363 /* Sources */,
				59DB401C227940DE0089E363 /* Frameworks */,
				59DB401D227940DE0089E363 /* Resources */,
			);
			buildRules = (
			);
			dependencies = (
			);
			name = yujian;
			productName = yujian;
			productReference = 59DB401F227940DE0089E363 /* yujian.app */;
			productType = "com.apple.product-type.application";
		};
/* End PBXNativeTarget section */

/* Begin PBXProject section */
		59DB4017227940DE0089E363 /* Project object */ = {
			isa = PBXProject;
			attributes = {
				LastSwiftUpdateCheck = 1020;
				LastUpgradeCheck = 1020;
				TargetAttributes = {
					59DB401E227940DE0089E363 = {
						CreatedOnToolsVersion = 10.2.1;
					};
				};
			};
			buildConfigurationList = 59DB401A227940DE0089E363 /* Build configuration list for PBXProject "yujian" */;
			compatibilityVersion = "Xcode 9.3";
			developmentRegion = en;
			hasScannedForEncodings = 0;
			knownRegions = (
				en,
				Base,
			);
			mainGroup = 59DB4016227940DE0089E363;
			productRefGroup = 59DB4020227940DE0089E363 /* Products */;
			projectDirPath = "";
			projectRoot = "";
			targets = (
				59DB401E227940DE0089E363 /* yujian */,
			);
		};
/* End PBXProject section */

/* Begin PBXResourcesBuildPhase section */
		59DB401D227940DE0089E363 /* Resources */ = {
			isa = PBXResourcesBuildPhase;
			buildActionMask = 2147483647;
			files = (
				59DB403D227956090089E363 /* music.mp3 in Resources */,
				59DB402D227940E00089E363 /* LaunchScreen.storyboard in Resources */,
				59DB402A227940E00089E363 /* Assets.xcassets in Resources */,
				59DB4028227940DE0089E363 /* Main.storyboard in Resources */,
			);
			runOnlyForDeploymentPostprocessing = 0;
		};
/* End PBXResourcesBuildPhase section */

/* Begin PBXSourcesBuildPhase section */
		59DB401B227940DE0089E363 /* Sources */ = {
			isa = PBXSourcesBuildPhase;
			buildActionMask = 2147483647;
			files = (
				59DB4025227940DE0089E363 /* ViewController.swift in Sources */,
				353DA8E8228AD33B0058CA6C /* sharpImageView.swift in Sources */,
				59DB4023227940DE0089E363 /* AppDelegate.swift in Sources */,
			);
			runOnlyForDeploymentPostprocessing = 0;
		};
/* End PBXSourcesBuildPhase section */

/* Begin PBXVariantGroup section */
		59DB4026227940DE0089E363 /* Main.storyboard */ = {
			isa = PBXVariantGroup;
			children = (
				59DB4027227940DE0089E363 /* Base */,
			);
			name = Main.storyboard;
			sourceTree = "<group>";
		};
		59DB402B227940E00089E363 /* LaunchScreen.storyboard */ = {
			isa = PBXVariantGroup;
			children = (
				59DB402C227940E00089E363 /* Base */,
			);
			name = LaunchScreen.storyboard;
			sourceTree = "<group>";
		};
/* End PBXVariantGroup section */

/* Begin XCBuildConfiguration section */
		59DB402F227940E00089E363 /* Debug */ = {
			isa = XCBuildConfiguration;
			buildSettings = {
				ALWAYS_SEARCH_USER_PATHS = NO;
				CLANG_ANALYZER_NONNULL = YES;
				CLANG_ANALYZER_NUMBER_OBJECT_CONVERSION = YES_AGGRESSIVE;
				CLANG_CXX_LANGUAGE_STANDARD = "gnu++14";
				CLANG_CXX_LIBRARY = "libc++";
				CLANG_ENABLE_MODULES = YES;
				CLANG_ENABLE_OBJC_ARC = YES;
				CLANG_ENABLE_OBJC_WEAK = YES;
				CLANG_WARN_BLOCK_CAPTURE_AUTORELEASING = YES;
				CLANG_WARN_BOOL_CONVERSION = YES;
				CLANG_WARN_COMMA = YES;
				CLANG_WARN_CONSTANT_CONVERSION = YES;
				CLANG_WARN_DEPRECATED_OBJC_IMPLEMENTATIONS = YES;
				CLANG_WARN_DIRECT_OBJC_ISA_USAGE = YES_ERROR;
				CLANG_WARN_DOCUMENTATION_COMMENTS = YES;
				CLANG_WARN_EMPTY_BODY = YES;
				CLANG_WARN_ENUM_CONVERSION = YES;
				CLANG_WARN_INFINITE_RECURSION = YES;
				CLANG_WARN_INT_CONVERSION = YES;
				CLANG_WARN_NON_LITERAL_NULL_CONVERSION = YES;
				CLANG_WARN_OBJC_IMPLICIT_RETAIN_SELF = YES;
				CLANG_WARN_OBJC_LITERAL_CONVERSION = YES;
				CLANG_WARN_OBJC_ROOT_CLASS = YES_ERROR;
				CLANG_WARN_RANGE_LOOP_ANALYSIS = YES;
				CLANG_WARN_STRICT_PROTOTYPES = YES;
				CLANG_WARN_SUSPICIOUS_MOVE = YES;
				CLANG_WARN_UNGUARDED_AVAILABILITY = YES_AGGRESSIVE;
				CLANG_WARN_UNREACHABLE_CODE = YES;
				CLANG_WARN__DUPLICATE_METHOD_MATCH = YES;
				CODE_SIGN_IDENTITY = "iPhone Developer";
				COPY_PHASE_STRIP = NO;
				DEBUG_INFORMATION_FORMAT = dwarf;
				ENABLE_STRICT_OBJC_MSGSEND = YES;
				ENABLE_TESTABILITY = YES;
				GCC_C_LANGUAGE_STANDARD = gnu11;
				GCC_DYNAMIC_NO_PIC = NO;
				GCC_NO_COMMON_BLOCKS = YES;
				GCC_OPTIMIZATION_LEVEL = 0;
				GCC_PREPROCESSOR_DEFINITIONS = (
					"DEBUG=1",
					"$(inherited)",
				);
				GCC_WARN_64_TO_32_BIT_CONVERSION = YES;
				GCC_WARN_ABOUT_RETURN_TYPE = YES_ERROR;
				GCC_WARN_UNDECLARED_SELECTOR = YES;
				GCC_WARN_UNINITIALIZED_AUTOS = YES_AGGRESSIVE;
				GCC_WARN_UNUSED_FUNCTION = YES;
				GCC_WARN_UNUSED_VARIABLE = YES;
				IPHONEOS_DEPLOYMENT_TARGET = 12.2;
				MTL_ENABLE_DEBUG_INFO = INCLUDE_SOURCE;
				MTL_FAST_MATH = YES;
				ONLY_ACTIVE_ARCH = YES;
				SDKROOT = iphoneos;
				SWIFT_ACTIVE_COMPILATION_CONDITIONS = DEBUG;
				SWIFT_OPTIMIZATION_LEVEL = "-Onone";
			};
			name = Debug;
		};
		59DB4030227940E00089E363 /* Release */ = {
			isa = XCBuildConfiguration;
			buildSettings = {
				ALWAYS_SEARCH_USER_PATHS = NO;
				CLANG_ANALYZER_NONNULL = YES;
				CLANG_ANALYZER_NUMBER_OBJECT_CONVERSION = YES_AGGRESSIVE;
				CLANG_CXX_LANGUAGE_STANDARD = "gnu++14";
				CLANG_CXX_LIBRARY = "libc++";
				CLANG_ENABLE_MODULES = YES;
				CLANG_ENABLE_OBJC_ARC = YES;
				CLANG_ENABLE_OBJC_WEAK = YES;
				CLANG_WARN_BLOCK_CAPTURE_AUTORELEASING = YES;
				CLANG_WARN_BOOL_CONVERSION = YES;
				CLANG_WARN_COMMA = YES;
				CLANG_WARN_CONSTANT_CONVERSION = YES;
				CLANG_WARN_DEPRECATED_OBJC_IMPLEMENTATIONS = YES;
				CLANG_WARN_DIRECT_OBJC_ISA_USAGE = YES_ERROR;
				CLANG_WARN_DOCUMENTATION_COMMENTS = YES;
				CLANG_WARN_EMPTY_BODY = YES;
				CLANG_WARN_ENUM_CONVERSION = YES;
				CLANG_WARN_INFINITE_RECURSION = YES;
				CLANG_WARN_INT_CONVERSION = YES;
				CLANG_WARN_NON_LITERAL_NULL_CONVERSION = YES;
				CLANG_WARN_OBJC_IMPLICIT_RETAIN_SELF = YES;
				CLANG_WARN_OBJC_LITERAL_CONVERSION = YES;
				CLANG_WARN_OBJC_ROOT_CLASS = YES_ERROR;
				CLANG_WARN_RANGE_LOOP_ANALYSIS = YES;
				CLANG_WARN_STRICT_PROTOTYPES = YES;
				CLANG_WARN_SUSPICIOUS_MOVE = YES;
				CLANG_WARN_UNGUARDED_AVAILABILITY = YES_AGGRESSIVE;
				CLANG_WARN_UNREACHABLE_CODE = YES;
				CLANG_WARN__DUPLICATE_METHOD_MATCH = YES;
				CODE_SIGN_IDENTITY = "iPhone Developer";
				COPY_PHASE_STRIP = NO;
				DEBUG_INFORMATION_FORMAT = "dwarf-with-dsym";
				ENABLE_NS_ASSERTIONS = NO;
				ENABLE_STRICT_OBJC_MSGSEND = YES;
				GCC_C_LANGUAGE_STANDARD = gnu11;
				GCC_NO_COMMON_BLOCKS = YES;
				GCC_WARN_64_TO_32_BIT_CONVERSION = YES;
				GCC_WARN_ABOUT_RETURN_TYPE = YES_ERROR;
				GCC_WARN_UNDECLARED_SELECTOR = YES;
				GCC_WARN_UNINITIALIZED_AUTOS = YES_AGGRESSIVE;
				GCC_WARN_UNUSED_FUNCTION = YES;
				GCC_WARN_UNUSED_VARIABLE = YES;
				IPHONEOS_DEPLOYMENT_TARGET = 12.2;
				MTL_ENABLE_DEBUG_INFO = NO;
				MTL_FAST_MATH = YES;
				SDKROOT = iphoneos;
				SWIFT_COMPILATION_MODE = wholemodule;
				SWIFT_OPTIMIZATION_LEVEL = "-O";
				VALIDATE_PRODUCT = YES;
			};
			name = Release;
		};
		59DB4032227940E00089E363 /* Debug */ = {
			isa = XCBuildConfiguration;
			buildSettings = {
				ASSETCATALOG_COMPILER_APPICON_NAME = AppIcon;
				CODE_SIGN_STYLE = Automatic;
				INFOPLIST_FILE = yujian/Info.plist;
				LD_RUNPATH_SEARCH_PATHS = (
					"$(inherited)",
					"@executable_path/Frameworks",
				);
				PRODUCT_BUNDLE_IDENTIFIER = ios.yujian;
				PRODUCT_NAME = "$(TARGET_NAME)";
				SWIFT_VERSION = 5.0;
				TARGETED_DEVICE_FAMILY = "1,2";
			};
			name = Debug;
		};
		59DB4033227940E00089E363 /* Release */ = {
			isa = XCBuildConfiguration;
			buildSettings = {
				ASSETCATALOG_COMPILER_APPICON_NAME = AppIcon;
				CODE_SIGN_STYLE = Automatic;
				INFOPLIST_FILE = yujian/Info.plist;
				LD_RUNPATH_SEARCH_PATHS = (
					"$(inherited)",
					"@executable_path/Frameworks",
				);
				PRODUCT_BUNDLE_IDENTIFIER = ios.yujian;
				PRODUCT_NAME = "$(TARGET_NAME)";
				SWIFT_VERSION = 5.0;
				TARGETED_DEVICE_FAMILY = "1,2";
			};
			name = Release;
		};
/* End XCBuildConfiguration section */

/* Begin XCConfigurationList section */
		59DB401A227940DE0089E363 /* Build configuration list for PBXProject "yujian" */ = {
			isa = XCConfigurationList;
			buildConfigurations = (
				59DB402F227940E00089E363 /* Debug */,
				59DB4030227940E00089E363 /* Release */,
			);
			defaultConfigurationIsVisible = 0;
			defaultConfigurationName = Release;
		};
		59DB4031227940E00089E363 /* Build configuration list for PBXNativeTarget "yujian" */ = {
			isa = XCConfigurationList;
			buildConfigurations = (
				59DB4032227940E00089E363 /* Debug */,
				59DB4033227940E00089E363 /* Release */,
			);
			defaultConfigurationIsVisible = 0;
			defaultConfigurationName = Release;
		};
/* End XCConfigurationList section */
	};
	rootObject = 59DB4017227940DE0089E363 /* Project object */;
}
